{
  "nodes": {
    "brew-src": {
      "flake": false,
      "locked": {
        "lastModified": 1761551821,
        "narHash": "sha256-N3Zj73TAxclhLGgADbPVwcVrhYIBKUgAxjfQuOXre6s=",
        "owner": "Homebrew",
        "repo": "brew",
        "rev": "8f6719274133c5bcc24c058c5a6bcbb3b0cd48b3",
        "type": "github"
      },
      "original": {
        "owner": "Homebrew",
        "ref": "4.6.19",
        "repo": "brew",
        "type": "github"
      }
    },
    "home-manager": {
      "inputs": {
        "nixpkgs": [
          "nixpkgs"
        ]
      },
      "locked": {
        "lastModified": 1763313531,
        "narHash": "sha256-yvdCYUL85zEDp2NzPUBmaNBXP6KnWEOhAk3j7PTfsKw=",
        "owner": "nix-community",
        "repo": "home-manager",
        "rev": "3670a78eee49deebe4825fc8ecc46b172d1a8391",
        "type": "github"
      },
      "original": {
        "owner": "nix-community",
        "repo": "home-manager",
        "type": "github"
      }
    },
    "homebrew-cask": {
      "flake": false,
      "locked": {
        "lastModified": 1763352938,
        "narHash": "sha256-hMETMOqD1grXtfoedrnx+vIv/GG2IP2OffkA13l1c4E=",
        "owner": "homebrew",
        "repo": "homebrew-cask",
        "rev": "d85ee7e404318968f793f51af53e33556f673ae1",
        "type": "github"
      },
      "original": {
        "owner": "homebrew",
        "repo": "homebrew-cask",
        "type": "github"
      }
    },
    "homebrew-core": {
      "flake": false,
      "locked": {
        "lastModified": 1763348279,
        "narHash": "sha256-OK5IVG2VvF6BOVgiBBqcQjcRfPAY+3q/okegrvzzNrE=",
        "owner": "homebrew",
        "repo": "homebrew-core",
        "rev": "5fb34324aef0fa2aea33dcb98b7f57a16dc29987",
        "type": "github"
      },
      "original": {
        "owner": "homebrew",
        "repo": "homebrew-core",
        "type": "github"
      }
    },
    "kylef-formulae": {
      "flake": false,
      "locked": {
        "lastModified": 1531936277,
        "narHash": "sha256-IQMQPR3oN8urcGNz/Ksn58Bn/wHIudGA9rCSVFZVZxA=",
        "owner": "kylef",
        "repo": "homebrew-formulae",
        "rev": "00757e80d6861651d3dc18bbc978edf9a5d0a8a9",
        "type": "github"
      },
      "original": {
        "owner": "kylef",
        "repo": "homebrew-formulae",
        "type": "github"
      }
    },
    "mas-cli-tap": {
      "flake": false,
      "locked": {
        "lastModified": 1763318530,
        "narHash": "sha256-CNvpTD3rFdWVknVVaw5YK34dLcymBY2w8kqwQWK5CIs=",
        "owner": "mas-cli",
        "repo": "homebrew-tap",
        "rev": "c211fe7d4d43f07ba533ba24ad45bb54bc67faa9",
        "type": "github"
      },
      "original": {
        "owner": "mas-cli",
        "repo": "homebrew-tap",
        "type": "github"
      }
    },
    "nix-darwin": {
      "inputs": {
        "nixpkgs": [
          "nixpkgs"
        ]
      },
      "locked": {
        "lastModified": 1763136804,
        "narHash": "sha256-6p2ljK42s0S8zS0UU59EsEqupz0GVCaBYRylpUadeBM=",
        "owner": "LnL7",
        "repo": "nix-darwin",
        "rev": "973db96394513fd90270ea5a1211a82a4a0ba47f",
        "type": "github"
      },
      "original": {
        "owner": "LnL7",
        "repo": "nix-darwin",
        "type": "github"
      }
    },
    "nix-homebrew": {
      "inputs": {
        "brew-src": "brew-src"
      },
      "locked": {
        "lastModified": 1761927470,
        "narHash": "sha256-KsFDGRGD8j1R6TvJ4HkebKsh3HXLY0XazanLrhO3wqE=",
        "owner": "zhaofengli",
        "repo": "nix-homebrew",
        "rev": "3cae36b3a17b09a66435291619dce8cf2c4728ca",
        "type": "github"
      },
      "original": {
        "owner": "zhaofengli",
        "repo": "nix-homebrew",
        "type": "github"
      }
    },
    "nixpkgs": {
      "locked": {
        "lastModified": 1763312402,
        "narHash": "sha256-3YJkOBrFpmcusnh7i8GXXEyh7qZG/8F5z5+717550Hk=",
        "owner": "NixOS",
        "repo": "nixpkgs",
        "rev": "85a6c4a07faa12aaccd81b36ba9bfc2bec974fa1",
        "type": "github"
      },
      "original": {
        "owner": "NixOS",
        "ref": "nixpkgs-unstable",
        "repo": "nixpkgs",
        "type": "github"
      }
    },
    "root": {
      "inputs": {
        "home-manager": "home-manager",
        "homebrew-cask": "homebrew-cask",
        "homebrew-core": "homebrew-core",
        "kylef-formulae": "kylef-formulae",
        "mas-cli-tap": "mas-cli-tap",
        "nix-darwin": "nix-darwin",
        "nix-homebrew": "nix-homebrew",
        "nixpkgs": "nixpkgs",
        "sdkman-tap": "sdkman-tap",
        "swiftbrew-tap": "swiftbrew-tap",
        "xtool-org-tap": "xtool-org-tap"
      }
    },
    "sdkman-tap": {
      "flake": false,
      "locked": {
        "lastModified": 1755105143,
        "narHash": "sha256-n8nB0WBgYVZfeunCetX4rpkkDFhketaoxtB4T5CCgiM=",
        "owner": "sdkman",
        "repo": "homebrew-tap",
        "rev": "bfbdacdfd7c63180ae3d48dd5c7910298e1af582",
        "type": "github"
      },
      "original": {
        "owner": "sdkman",
        "repo": "homebrew-tap",
        "type": "github"
      }
    },
    "swiftbrew-tap": {
      "flake": false,
      "locked": {
        "lastModified": 1571488490,
        "narHash": "sha256-YE8n0/aaputAf5x8dm9QfNh3wW7b5fZiJF0rlIFhg5o=",
        "owner": "swiftbrew",
        "repo": "homebrew-tap",
        "rev": "503653091ee88fec83a0b36726a3a744729e78f0",
        "type": "github"
      },
      "original": {
        "owner": "swiftbrew",
        "repo": "homebrew-tap",
        "type": "github"
      }
    },
    "xtool-org-tap": {
      "flake": false,
      "locked": {
        "lastModified": 1747209120,
        "narHash": "sha256-r8AsE4QXhIMBFECHqUZFIviXWtREc1NGVqrDx5CDTfI=",
        "owner": "xtool-org",
        "repo": "homebrew-tap",
        "rev": "84d6393eb9854797cf67604fb8575a05f90314ee",
        "type": "github"
      },
      "original": {
        "owner": "xtool-org",
        "repo": "homebrew-tap",
        "type": "github"
      }
    }
  },
  "root": "root",
  "version": 7
}
