{
  "nodes": {
    "brew-src": {
      "flake": false,
      "locked": {
        "lastModified": 1753461463,
        "narHash": "sha256-kGc7pRH0diLzKmOHsEFA8sZ9NJpgT+tqxAMsuqNd5Po=",
        "owner": "Homebrew",
        "repo": "brew",
        "rev": "4d14be89e99a45181c18e96a5f19a5b43343cc0f",
        "type": "github"
      },
      "original": {
        "owner": "Homebrew",
        "ref": "4.5.13",
        "repo": "brew",
        "type": "github"
      }
    },
    "home-manager": {
      "inputs": {
        "nixpkgs": [
          "nixpkgs"
        ]
      },
      "locked": {
        "lastModified": 1754527677,
        "narHash": "sha256-qAzCtmKkMz40xFgP9KN+TCKjVieK4u04EWwl2KvVk0E=",
        "owner": "nix-community",
        "repo": "home-manager",
        "rev": "475d35797d9537354d825260cf583114537affc2",
        "type": "github"
      },
      "original": {
        "owner": "nix-community",
        "repo": "home-manager",
        "type": "github"
      }
    },
    "homebrew-cask": {
      "flake": false,
      "locked": {
        "lastModified": 1754532512,
        "narHash": "sha256-h//Pe1s/EPG0f/ZTZ5jOqO98zs6QWhRg6reRUZFXbPw=",
        "owner": "homebrew",
        "repo": "homebrew-cask",
        "rev": "600e0557a09b722dcca60d2389d7273fde9479cb",
        "type": "github"
      },
      "original": {
        "owner": "homebrew",
        "repo": "homebrew-cask",
        "type": "github"
      }
    },
    "homebrew-core": {
      "flake": false,
      "locked": {
        "lastModified": 1754532617,
        "narHash": "sha256-L1HXmQ3K3HxvpwiFBNX8FzHbViqF7d5pAccRR8Dntpo=",
        "owner": "homebrew",
        "repo": "homebrew-core",
        "rev": "dda216de9de42eedf894c68c977eab9943e2a947",
        "type": "github"
      },
      "original": {
        "owner": "homebrew",
        "repo": "homebrew-core",
        "type": "github"
      }
    },
    "kylef-formulae": {
      "flake": false,
      "locked": {
        "lastModified": 1531936277,
        "narHash": "sha256-IQMQPR3oN8urcGNz/Ksn58Bn/wHIudGA9rCSVFZVZxA=",
        "owner": "kylef",
        "repo": "homebrew-formulae",
        "rev": "00757e80d6861651d3dc18bbc978edf9a5d0a8a9",
        "type": "github"
      },
      "original": {
        "owner": "kylef",
        "repo": "homebrew-formulae",
        "type": "github"
      }
    },
    "mas-cli-tap": {
      "flake": false,
      "locked": {
        "lastModified": 1753920900,
        "narHash": "sha256-Tv0dcQt+0Gn3upEdQ/MHdUtZuRKgsIIURKK/TtpDO1Y=",
        "owner": "mas-cli",
        "repo": "homebrew-tap",
        "rev": "b4187e64b6ed14e5c6cbcd93d598dcf950fe9be8",
        "type": "github"
      },
      "original": {
        "owner": "mas-cli",
        "repo": "homebrew-tap",
        "type": "github"
      }
    },
    "nix-darwin": {
      "inputs": {
        "nixpkgs": [
          "nixpkgs"
        ]
      },
      "locked": {
        "lastModified": 1751313918,
        "narHash": "sha256-HsJM3XLa43WpG+665aGEh8iS8AfEwOIQWk3Mke3e7nk=",
        "owner": "LnL7",
        "repo": "nix-darwin",
        "rev": "e04a388232d9a6ba56967ce5b53a8a6f713cdfcf",
        "type": "github"
      },
      "original": {
        "owner": "LnL7",
        "repo": "nix-darwin",
        "type": "github"
      }
    },
    "nix-homebrew": {
      "inputs": {
        "brew-src": "brew-src"
      },
      "locked": {
        "lastModified": 1754250993,
        "narHash": "sha256-MEin+qoQKtFC1b0f4tnQ+Z82BQWSCgh6Ef7rpmH9gig=",
        "owner": "zhaofengli",
        "repo": "nix-homebrew",
        "rev": "314d057294e79bc2596972126b84c6f9f144499a",
        "type": "github"
      },
      "original": {
        "owner": "zhaofengli",
        "repo": "nix-homebrew",
        "type": "github"
      }
    },
    "nixpkgs": {
      "locked": {
        "lastModified": 1754393734,
        "narHash": "sha256-fbnmAwTQkuXHKBlcL5Nq1sMAzd3GFqCOQgEQw6Hy0Ak=",
        "owner": "NixOS",
        "repo": "nixpkgs",
        "rev": "a683adc19ff5228af548c6539dbc3440509bfed3",
        "type": "github"
      },
      "original": {
        "owner": "NixOS",
        "ref": "nixpkgs-unstable",
        "repo": "nixpkgs",
        "type": "github"
      }
    },
    "root": {
      "inputs": {
        "home-manager": "home-manager",
        "homebrew-cask": "homebrew-cask",
        "homebrew-core": "homebrew-core",
        "kylef-formulae": "kylef-formulae",
        "mas-cli-tap": "mas-cli-tap",
        "nix-darwin": "nix-darwin",
        "nix-homebrew": "nix-homebrew",
        "nixpkgs": "nixpkgs",
        "sdkman-tap": "sdkman-tap",
        "swiftbrew-tap": "swiftbrew-tap",
        "xtool-org-tap": "xtool-org-tap"
      }
    },
    "sdkman-tap": {
      "flake": false,
      "locked": {
        "lastModified": 1746198460,
        "narHash": "sha256-c4iS52jNjvJ0RgI/79kK0GgnPPjIWpcL38RG3vCg8YM=",
        "owner": "sdkman",
        "repo": "homebrew-tap",
        "rev": "3fc32fcd5f252a6a29cee1cccc9ec005c2e3451a",
        "type": "github"
      },
      "original": {
        "owner": "sdkman",
        "repo": "homebrew-tap",
        "type": "github"
      }
    },
    "swiftbrew-tap": {
      "flake": false,
      "locked": {
        "lastModified": 1571488490,
        "narHash": "sha256-YE8n0/aaputAf5x8dm9QfNh3wW7b5fZiJF0rlIFhg5o=",
        "owner": "swiftbrew",
        "repo": "homebrew-tap",
        "rev": "503653091ee88fec83a0b36726a3a744729e78f0",
        "type": "github"
      },
      "original": {
        "owner": "swiftbrew",
        "repo": "homebrew-tap",
        "type": "github"
      }
    },
    "xtool-org-tap": {
      "flake": false,
      "locked": {
        "lastModified": 1747209120,
        "narHash": "sha256-r8AsE4QXhIMBFECHqUZFIviXWtREc1NGVqrDx5CDTfI=",
        "owner": "xtool-org",
        "repo": "homebrew-tap",
        "rev": "84d6393eb9854797cf67604fb8575a05f90314ee",
        "type": "github"
      },
      "original": {
        "owner": "xtool-org",
        "repo": "homebrew-tap",
        "type": "github"
      }
    }
  },
  "root": "root",
  "version": 7
}
